// !$*UTF8*$!
{
	archiveVersion = 1;
	classes = {
	};
	objectVersion = 48;
	objects = {

/* Begin PBXBuildFile section */
		63D315A920C2001500AB5C04 /* AppDelegate.swift in Sources */ = {isa = PBXBuildFile; fileRef = 63D315A820C2001500AB5C04 /* AppDelegate.swift */; };
		63D315AB20C2001500AB5C04 /* ViewController.swift in Sources */ = {isa = PBXBuildFile; fileRef = 63D315AA20C2001500AB5C04 /* ViewController.swift */; };
		63D315AE20C2001500AB5C04 /* Main.storyboard in Resources */ = {isa = PBXBuildFile; fileRef = 63D315AC20C2001500AB5C04 /* Main.storyboard */; };
		63D315B020C2001500AB5C04 /* Assets.xcassets in Resources */ = {isa = PBXBuildFile; fileRef = 63D315AF20C2001500AB5C04 /* Assets.xcassets */; };
		63D315B320C2001500AB5C04 /* LaunchScreen.storyboard in Resources */ = {isa = PBXBuildFile; fileRef = 63D315B120C2001500AB5C04 /* LaunchScreen.storyboard */; };
		63D315BB20C2011F00AB5C04 /* customTableViewCell.swift in Sources */ = {isa = PBXBuildFile; fileRef = 63D315BA20C2011F00AB5C04 /* customTableViewCell.swift */; };
		63D315BD20C20AFE00AB5C04 /* CustomCollectionViewCell.swift in Sources */ = {isa = PBXBuildFile; fileRef = 63D315BC20C20AFE00AB5C04 /* CustomCollectionViewCell.swift */; };
		63D315C120C20E5600AB5C04 /* myCollectionViewController.swift in Sources */ = {isa = PBXBuildFile; fileRef = 63D315C020C20E5600AB5C04 /* myCollectionViewController.swift */; };
		63D315C320C2188500AB5C04 /* ProductList.swift in Sources */ = {isa = PBXBuildFile; fileRef = 63D315C220C2188500AB5C04 /* ProductList.swift */; };
/* End PBXBuildFile section */

/* Begin PBXFileReference section */
		63D315A520C2001500AB5C04 /* Pathao.app */ = {isa = PBXFileReference; explicitFileType = wrapper.application; includeInIndex = 0; path = Pathao.app; sourceTree = BUILT_PRODUCTS_DIR; };
		63D315A820C2001500AB5C04 /* AppDelegate.swift */ = {isa = PBXFileReference; lastKnownFileType = sourcecode.swift; path = AppDelegate.swift; sourceTree = "<group>"; };
		63D315AA20C2001500AB5C04 /* ViewController.swift */ = {isa = PBXFileReference; lastKnownFileType = sourcecode.swift; path = ViewController.swift; sourceTree = "<group>"; };
		63D315AD20C2001500AB5C04 /* Base */ = {isa = PBXFileReference; lastKnownFileType = file.storyboard; name = Base; path = Base.lproj/Main.storyboard; sourceTree = "<group>"; };
		63D315AF20C2001500AB5C04 /* Assets.xcassets */ = {isa = PBXFileReference; lastKnownFileType = folder.assetcatalog; path = Assets.xcassets; sourceTree = "<group>"; };
		63D315B220C2001500AB5C04 /* Base */ = {isa = PBXFileReference; lastKnownFileType = file.storyboard; name = Base; path = Base.lproj/LaunchScreen.storyboard; sourceTree = "<group>"; };
		63D315B420C2001500AB5C04 /* Info.plist */ = {isa = PBXFileReference; lastKnownFileType = text.plist.xml; path = Info.plist; sourceTree = "<group>"; };
		63D315BA20C2011F00AB5C04 /* customTableViewCell.swift */ = {isa = PBXFileReference; lastKnownFileType = sourcecode.swift; path = customTableViewCell.swift; sourceTree = "<group>"; };
		63D315BC20C20AFE00AB5C04 /* CustomCollectionViewCell.swift */ = {isa = PBXFileReference; lastKnownFileType = sourcecode.swift; path = CustomCollectionViewCell.swift; sourceTree = "<group>"; };
		63D315C020C20E5600AB5C04 /* myCollectionViewController.swift */ = {isa = PBXFileReference; lastKnownFileType = sourcecode.swift; path = myCollectionViewController.swift; sourceTree = "<group>"; };
		63D315C220C2188500AB5C04 /* ProductList.swift */ = {isa = PBXFileReference; lastKnownFileType = sourcecode.swift; path = ProductList.swift; sourceTree = "<group>"; };
/* End PBXFileReference section */

/* Begin PBXFrameworksBuildPhase section */
		63D315A220C2001500AB5C04 /* Frameworks */ = {
			isa = PBXFrameworksBuildPhase;
			buildActionMask = 2147483647;
			files = (
			);
			runOnlyForDeploymentPostprocessing = 0;
		};
/* End PBXFrameworksBuildPhase section */

/* Begin PBXGroup section */
		63D3159C20C2001500AB5C04 = {
			isa = PBXGroup;
			children = (
				63D315A720C2001500AB5C04 /* Pathao */,
				63D315A620C2001500AB5C04 /* Products */,
			);
			sourceTree = "<group>";
		};
		63D315A620C2001500AB5C04 /* Products */ = {
			isa = PBXGroup;
			children = (
				63D315A520C2001500AB5C04 /* Pathao.app */,
			);
			name = Products;
			sourceTree = "<group>";
		};
		63D315A720C2001500AB5C04 /* Pathao */ = {
			isa = PBXGroup;
			children = (
				63D315A820C2001500AB5C04 /* AppDelegate.swift */,
				63D315AA20C2001500AB5C04 /* ViewController.swift */,
				63D315AC20C2001500AB5C04 /* Main.storyboard */,
				63D315C020C20E5600AB5C04 /* myCollectionViewController.swift */,
				63D315C220C2188500AB5C04 /* ProductList.swift */,
				63D315BC20C20AFE00AB5C04 /* CustomCollectionViewCell.swift */,
				63D315BA20C2011F00AB5C04 /* customTableViewCell.swift */,
				63D315AF20C2001500AB5C04 /* Assets.xcassets */,
				63D315B120C2001500AB5C04 /* LaunchScreen.storyboard */,
				63D315B420C2001500AB5C04 /* Info.plist */,
			);
			path = Pathao;
			sourceTree = "<group>";
		};
/* End PBXGroup section */

/* Begin PBXNativeTarget section */
		63D315A420C2001500AB5C04 /* Pathao */ = {
			isa = PBXNativeTarget;
			buildConfigurationList = 63D315B720C2001500AB5C04 /* Build configuration list for PBXNativeTarget "Pathao" */;
			buildPhases = (
				63D315A120C2001500AB5C04 /* Sources */,
				63D315A220C2001500AB5C04 /* Frameworks */,
				63D315A320C2001500AB5C04 /* Resources */,
			);
			buildRules = (
			);
			dependencies = (
			);
			name = Pathao;
			productName = Pathao;
			productReference = 63D315A520C2001500AB5C04 /* Pathao.app */;
			productType = "com.apple.product-type.application";
		};
/* End PBXNativeTarget section */

/* Begin PBXProject section */
		63D3159D20C2001500AB5C04 /* Project object */ = {
			isa = PBXProject;
			attributes = {
				LastSwiftUpdateCheck = 0920;
				LastUpgradeCheck = 0920;
				ORGANIZATIONNAME = General;
				TargetAttributes = {
					63D315A420C2001500AB5C04 = {
						CreatedOnToolsVersion = 9.2;
						ProvisioningStyle = Automatic;
					};
				};
			};
			buildConfigurationList = 63D315A020C2001500AB5C04 /* Build configuration list for PBXProject "Pathao" */;
			compatibilityVersion = "Xcode 8.0";
			developmentRegion = en;
			hasScannedForEncodings = 0;
			knownRegions = (
				en,
				Base,
			);
			mainGroup = 63D3159C20C2001500AB5C04;
			productRefGroup = 63D315A620C2001500AB5C04 /* Products */;
			projectDirPath = "";
			projectRoot = "";
			targets = (
				63D315A420C2001500AB5C04 /* Pathao */,
			);
		};
/* End PBXProject section */

/* Begin PBXResourcesBuildPhase section */
		63D315A320C2001500AB5C04 /* Resources */ = {
			isa = PBXResourcesBuildPhase;
			buildActionMask = 2147483647;
			files = (
				63D315B320C2001500AB5C04 /* LaunchScreen.storyboard in Resources */,
				63D315B020C2001500AB5C04 /* Assets.xcassets in Resources */,
				63D315AE20C2001500AB5C04 /* Main.storyboard in Resources */,
			);
			runOnlyForDeploymentPostprocessing = 0;
		};
/* End PBXResourcesBuildPhase section */

/* Begin PBXSourcesBuildPhase section */
		63D315A120C2001500AB5C04 /* Sources */ = {
			isa = PBXSourcesBuildPhase;
			buildActionMask = 2147483647;
			files = (
				63D315AB20C2001500AB5C04 /* ViewController.swift in Sources */,
				63D315A920C2001500AB5C04 /* AppDelegate.swift in Sources */,
				63D315C120C20E5600AB5C04 /* myCollectionViewController.swift in Sources */,
				63D315C320C2188500AB5C04 /* ProductList.swift in Sources */,
				63D315BB20C2011F00AB5C04 /* customTableViewCell.swift in Sources */,
				63D315BD20C20AFE00AB5C04 /* CustomCollectionViewCell.swift in Sources */,
			);
			runOnlyForDeploymentPostprocessing = 0;
		};
/* End PBXSourcesBuildPhase section */

/* Begin PBXVariantGroup section */
		63D315AC20C2001500AB5C04 /* Main.storyboard */ = {
			isa = PBXVariantGroup;
			children = (
				63D315AD20C2001500AB5C04 /* Base */,
			);
			name = Main.storyboard;
			sourceTree = "<group>";
		};
		63D315B120C2001500AB5C04 /* LaunchScreen.storyboard */ = {
			isa = PBXVariantGroup;
			children = (
				63D315B220C2001500AB5C04 /* Base */,
			);
			name = LaunchScreen.storyboard;
			sourceTree = "<group>";
		};
/* End PBXVariantGroup section */

/* Begin XCBuildConfiguration section */
		63D315B520C2001500AB5C04 /* Debug */ = {
			isa = XCBuildConfiguration;
			buildSettings = {
				ALWAYS_SEARCH_USER_PATHS = NO;
				CLANG_ANALYZER_NONNULL = YES;
				CLANG_ANALYZER_NUMBER_OBJECT_CONVERSION = YES_AGGRESSIVE;
				CLANG_CXX_LANGUAGE_STANDARD = "gnu++14";
				CLANG_CXX_LIBRARY = "libc++";
				CLANG_ENABLE_MODULES = YES;
				CLANG_ENABLE_OBJC_ARC = YES;
				CLANG_WARN_BLOCK_CAPTURE_AUTORELEASING = YES;
				CLANG_WARN_BOOL_CONVERSION = YES;
				CLANG_WARN_COMMA = YES;
				CLANG_WARN_CONSTANT_CONVERSION = YES;
				CLANG_WARN_DIRECT_OBJC_ISA_USAGE = YES_ERROR;
				CLANG_WARN_DOCUMENTATION_COMMENTS = YES;
				CLANG_WARN_EMPTY_BODY = YES;
				CLANG_WARN_ENUM_CONVERSION = YES;
				CLANG_WARN_INFINITE_RECURSION = YES;
				CLANG_WARN_INT_CONVERSION = YES;
				CLANG_WARN_NON_LITERAL_NULL_CONVERSION = YES;
				CLANG_WARN_OBJC_LITERAL_CONVERSION = YES;
				CLANG_WARN_OBJC_ROOT_CLASS = YES_ERROR;
				CLANG_WARN_RANGE_LOOP_ANALYSIS = YES;
				CLANG_WARN_STRICT_PROTOTYPES = YES;
				CLANG_WARN_SUSPICIOUS_MOVE = YES;
				CLANG_WARN_UNGUARDED_AVAILABILITY = YES_AGGRESSIVE;
				CLANG_WARN_UNREACHABLE_CODE = YES;
				CLANG_WARN__DUPLICATE_METHOD_MATCH = YES;
				CODE_SIGN_IDENTITY = "iPhone Developer";
				COPY_PHASE_STRIP = NO;
				DEBUG_INFORMATION_FORMAT = dwarf;
				ENABLE_STRICT_OBJC_MSGSEND = YES;
				ENABLE_TESTABILITY = YES;
				GCC_C_LANGUAGE_STANDARD = gnu11;
				GCC_DYNAMIC_NO_PIC = NO;
				GCC_NO_COMMON_BLOCKS = YES;
				GCC_OPTIMIZATION_LEVEL = 0;
				GCC_PREPROCESSOR_DEFINITIONS = (
					"DEBUG=1",
					"$(inherited)",
				);
				GCC_WARN_64_TO_32_BIT_CONVERSION = YES;
				GCC_WARN_ABOUT_RETURN_TYPE = YES_ERROR;
				GCC_WARN_UNDECLARED_SELECTOR = YES;
				GCC_WARN_UNINITIALIZED_AUTOS = YES_AGGRESSIVE;
				GCC_WARN_UNUSED_FUNCTION = YES;
				GCC_WARN_UNUSED_VARIABLE = YES;
				IPHONEOS_DEPLOYMENT_TARGET = 11.2;
				MTL_ENABLE_DEBUG_INFO = YES;
				ONLY_ACTIVE_ARCH = YES;
				SDKROOT = iphoneos;
				SWIFT_ACTIVE_COMPILATION_CONDITIONS = DEBUG;
				SWIFT_OPTIMIZATION_LEVEL = "-Onone";
			};
			name = Debug;
		};
		63D315B620C2001500AB5C04 /* Release */ = {
			isa = XCBuildConfiguration;
			buildSettings = {
				ALWAYS_SEARCH_USER_PATHS = NO;
				CLANG_ANALYZER_NONNULL = YES;
				CLANG_ANALYZER_NUMBER_OBJECT_CONVERSION = YES_AGGRESSIVE;
				CLANG_CXX_LANGUAGE_STANDARD = "gnu++14";
				CLANG_CXX_LIBRARY = "libc++";
				CLANG_ENABLE_MODULES = YES;
				CLANG_ENABLE_OBJC_ARC = YES;
				CLANG_WARN_BLOCK_CAPTURE_AUTORELEASING = YES;
				CLANG_WARN_BOOL_CONVERSION = YES;
				CLANG_WARN_COMMA = YES;
				CLANG_WARN_CONSTANT_CONVERSION = YES;
				CLANG_WARN_DIRECT_OBJC_ISA_USAGE = YES_ERROR;
				CLANG_WARN_DOCUMENTATION_COMMENTS = YES;
				CLANG_WARN_EMPTY_BODY = YES;
				CLANG_WARN_ENUM_CONVERSION = YES;
				CLANG_WARN_INFINITE_RECURSION = YES;
				CLANG_WARN_INT_CONVERSION = YES;
				CLANG_WARN_NON_LITERAL_NULL_CONVERSION = YES;
				CLANG_WARN_OBJC_LITERAL_CONVERSION = YES;
				CLANG_WARN_OBJC_ROOT_CLASS = YES_ERROR;
				CLANG_WARN_RANGE_LOOP_ANALYSIS = YES;
				CLANG_WARN_STRICT_PROTOTYPES = YES;
				CLANG_WARN_SUSPICIOUS_MOVE = YES;
				CLANG_WARN_UNGUARDED_AVAILABILITY = YES_AGGRESSIVE;
				CLANG_WARN_UNREACHABLE_CODE = YES;
				CLANG_WARN__DUPLICATE_METHOD_MATCH = YES;
				CODE_SIGN_IDENTITY = "iPhone Developer";
				COPY_PHASE_STRIP = NO;
				DEBUG_INFORMATION_FORMAT = "dwarf-with-dsym";
				ENABLE_NS_ASSERTIONS = NO;
				ENABLE_STRICT_OBJC_MSGSEND = YES;
				GCC_C_LANGUAGE_STANDARD = gnu11;
				GCC_NO_COMMON_BLOCKS = YES;
				GCC_WARN_64_TO_32_BIT_CONVERSION = YES;
				GCC_WARN_ABOUT_RETURN_TYPE = YES_ERROR;
				GCC_WARN_UNDECLARED_SELECTOR = YES;
				GCC_WARN_UNINITIALIZED_AUTOS = YES_AGGRESSIVE;
				GCC_WARN_UNUSED_FUNCTION = YES;
				GCC_WARN_UNUSED_VARIABLE = YES;
				IPHONEOS_DEPLOYMENT_TARGET = 11.2;
				MTL_ENABLE_DEBUG_INFO = NO;
				SDKROOT = iphoneos;
				SWIFT_OPTIMIZATION_LEVEL = "-Owholemodule";
				VALIDATE_PRODUCT = YES;
			};
			name = Release;
		};
		63D315B820C2001500AB5C04 /* Debug */ = {
			isa = XCBuildConfiguration;
			buildSettings = {
				ASSETCATALOG_COMPILER_APPICON_NAME = AppIcon;
				CODE_SIGN_STYLE = Automatic;
				DEVELOPMENT_TEAM = XDA2U7EMBH;
				INFOPLIST_FILE = Pathao/Info.plist;
				LD_RUNPATH_SEARCH_PATHS = "$(inherited) @executable_path/Frameworks";
				PRODUCT_BUNDLE_IDENTIFIER = com.example.Pathao;
				PRODUCT_NAME = "$(TARGET_NAME)";
				SWIFT_VERSION = 4.0;
				TARGETED_DEVICE_FAMILY = "1,2";
			};
			name = Debug;
		};
		63D315B920C2001500AB5C04 /* Release */ = {
			isa = XCBuildConfiguration;
			buildSettings = {
				ASSETCATALOG_COMPILER_APPICON_NAME = AppIcon;
				CODE_SIGN_STYLE = Automatic;
				DEVELOPMENT_TEAM = XDA2U7EMBH;
				INFOPLIST_FILE = Pathao/Info.plist;
				LD_RUNPATH_SEARCH_PATHS = "$(inherited) @executable_path/Frameworks";
				PRODUCT_BUNDLE_IDENTIFIER = com.example.Pathao;
				PRODUCT_NAME = "$(TARGET_NAME)";
				SWIFT_VERSION = 4.0;
				TARGETED_DEVICE_FAMILY = "1,2";
			};
			name = Release;
		};
/* End XCBuildConfiguration section */

/* Begin XCConfigurationList section */
		63D315A020C2001500AB5C04 /* Build configuration list for PBXProject "Pathao" */ = {
			isa = XCConfigurationList;
			buildConfigurations = (
				63D315B520C2001500AB5C04 /* Debug */,
				63D315B620C2001500AB5C04 /* Release */,
			);
			defaultConfigurationIsVisible = 0;
			defaultConfigurationName = Release;
		};
		63D315B720C2001500AB5C04 /* Build configuration list for PBXNativeTarget "Pathao" */ = {
			isa = XCConfigurationList;
			buildConfigurations = (
				63D315B820C2001500AB5C04 /* Debug */,
				63D315B920C2001500AB5C04 /* Release */,
			);
			defaultConfigurationIsVisible = 0;
			defaultConfigurationName = Release;
		};
/* End XCConfigurationList section */
	};
	rootObject = 63D3159D20C2001500AB5C04 /* Project object */;
}
